
Microsoft Visual Studio Solution File, Format Version 12.00
# Visual Studio Version 17
VisualStudioVersion = 17.14.36511.14 d17.14
MinimumVisualStudioVersion = 10.0.40219.1
Project("{FAE04EC0-301F-11D3-BF4B-00C04F79EFBC}") = "Laborator4", "Laborator4.csproj", "{5EE823A2-AD51-4DBA-A5BE-97E57B488014}"
EndProject
Global
	GlobalSection(SolutionConfigurationPlatforms) = preSolution
		Debug|Any CPU = Debug|Any CPU
		Release|Any CPU = Release|Any CPU
	EndGlobalSection
	GlobalSection(ProjectConfigurationPlatforms) = postSolution
		{5EE823A2-AD51-4DBA-A5BE-97E57B488014}.Debug|Any CPU.ActiveCfg = Debug|Any CPU
		{5EE823A2-AD51-4DBA-A5BE-97E57B488014}.Debug|Any CPU.Build.0 = Debug|Any CPU
		{5EE823A2-AD51-4DBA-A5BE-97E57B488014}.Release|Any CPU.ActiveCfg = Release|Any CPU
		{5EE823A2-AD51-4DBA-A5BE-97E57B488014}.Release|Any CPU.Build.0 = Release|Any CPU
	EndGlobalSection
	GlobalSection(SolutionProperties) = preSolution
		HideSolutionNode = FALSE
	EndGlobalSection
	GlobalSection(ExtensibilityGlobals) = postSolution
		SolutionGuid = {DBC89303-2FF3-49EB-87DA-DAB577E96965}
	EndGlobalSection
EndGlobal
